<Solution>
  <Project Path="src/YazmaBackup.Domain/YazmaBackup.Domain.csproj" />
  <Project Path="src/YazmaBackup.Contracts/YazmaBackup.Contracts.csproj" />
  <Project Path="src/YazmaBackup.Application/YazmaBackup.Application.csproj" />
  <Project Path="src/YazmaBackup.Infrastructure/YazmaBackup.Infrastructure.csproj" />
  <Project Path="src/YazmaBackup.ControlPlane/YazmaBackup.ControlPlane.csproj" />
  <Project Path="src/YazmaBackup.Agent/YazmaBackup.Agent.csproj" />
  <Project Path="src/YazmaBackup.SelfTest/YazmaBackup.SelfTest.csproj" />
  <Project Path="src/YazmaBackup.SigningTool/YazmaBackup.SigningTool.csproj" />
  <Project Path="tests/YazmaBackup.Domain.Tests/YazmaBackup.Domain.Tests.csproj" />
  <Project Path="tests/YazmaBackup.Application.Tests/YazmaBackup.Application.Tests.csproj" />
  <Project Path="tests/YazmaBackup.ControlPlane.Tests/YazmaBackup.ControlPlane.Tests.csproj" />
  <Project Path="tests/YazmaBackup.Infrastructure.Tests/YazmaBackup.Infrastructure.Tests.csproj" />
</Solution>
